// !$*UTF8*$!
{
	archiveVersion = 1;
	classes = {
	};
	objectVersion = 55;
	objects = {

/* Begin PBXBuildFile section */
		6F9C21FB28F612860045937F /* AppDelegate.swift in Sources */ = {isa = PBXBuildFile; fileRef = 6F9C21FA28F612860045937F /* AppDelegate.swift */; };
		6F9C21FD28F612860045937F /* SceneDelegate.swift in Sources */ = {isa = PBXBuildFile; fileRef = 6F9C21FC28F612860045937F /* SceneDelegate.swift */; };
		6F9C220228F612860045937F /* Main.storyboard in Resources */ = {isa = PBXBuildFile; fileRef = 6F9C220028F612860045937F /* Main.storyboard */; };
		6F9C220428F612860045937F /* Assets.xcassets in Resources */ = {isa = PBXBuildFile; fileRef = 6F9C220328F612860045937F /* Assets.xcassets */; };
		6F9C220728F612860045937F /* LaunchScreen.storyboard in Resources */ = {isa = PBXBuildFile; fileRef = 6F9C220528F612860045937F /* LaunchScreen.storyboard */; };
		6F9C221228F617150045937F /* mainViewController.swift in Sources */ = {isa = PBXBuildFile; fileRef = 6F9C221128F617150045937F /* mainViewController.swift */; };
		6F9C221428F617280045937F /* quizViewController.swift in Sources */ = {isa = PBXBuildFile; fileRef = 6F9C221328F617280045937F /* quizViewController.swift */; };
		6F9C221628F617350045937F /* resultViewController.swift in Sources */ = {isa = PBXBuildFile; fileRef = 6F9C221528F617350045937F /* resultViewController.swift */; };
		6F9C221828F617DF0045937F /* modelQuiz.swift in Sources */ = {isa = PBXBuildFile; fileRef = 6F9C221728F617DF0045937F /* modelQuiz.swift */; };
		6F9C221A28F617EB0045937F /* managerQuiz.swift in Sources */ = {isa = PBXBuildFile; fileRef = 6F9C221928F617EB0045937F /* managerQuiz.swift */; };
/* End PBXBuildFile section */

/* Begin PBXFileReference section */
		6F9C21F728F612860045937F /* quiz simples.app */ = {isa = PBXFileReference; explicitFileType = wrapper.application; includeInIndex = 0; path = "quiz simples.app"; sourceTree = BUILT_PRODUCTS_DIR; };
		6F9C21FA28F612860045937F /* AppDelegate.swift */ = {isa = PBXFileReference; lastKnownFileType = sourcecode.swift; path = AppDelegate.swift; sourceTree = "<group>"; };
		6F9C21FC28F612860045937F /* SceneDelegate.swift */ = {isa = PBXFileReference; lastKnownFileType = sourcecode.swift; path = SceneDelegate.swift; sourceTree = "<group>"; };
		6F9C220128F612860045937F /* Base */ = {isa = PBXFileReference; lastKnownFileType = file.storyboard; name = Base; path = Base.lproj/Main.storyboard; sourceTree = "<group>"; };
		6F9C220328F612860045937F /* Assets.xcassets */ = {isa = PBXFileReference; lastKnownFileType = folder.assetcatalog; path = Assets.xcassets; sourceTree = "<group>"; };
		6F9C220628F612860045937F /* Base */ = {isa = PBXFileReference; lastKnownFileType = file.storyboard; name = Base; path = Base.lproj/LaunchScreen.storyboard; sourceTree = "<group>"; };
		6F9C220828F612860045937F /* Info.plist */ = {isa = PBXFileReference; lastKnownFileType = text.plist.xml; path = Info.plist; sourceTree = "<group>"; };
		6F9C221128F617150045937F /* mainViewController.swift */ = {isa = PBXFileReference; lastKnownFileType = sourcecode.swift; path = mainViewController.swift; sourceTree = "<group>"; };
		6F9C221328F617280045937F /* quizViewController.swift */ = {isa = PBXFileReference; lastKnownFileType = sourcecode.swift; path = quizViewController.swift; sourceTree = "<group>"; };
		6F9C221528F617350045937F /* resultViewController.swift */ = {isa = PBXFileReference; lastKnownFileType = sourcecode.swift; path = resultViewController.swift; sourceTree = "<group>"; };
		6F9C221728F617DF0045937F /* modelQuiz.swift */ = {isa = PBXFileReference; lastKnownFileType = sourcecode.swift; path = modelQuiz.swift; sourceTree = "<group>"; };
		6F9C221928F617EB0045937F /* managerQuiz.swift */ = {isa = PBXFileReference; lastKnownFileType = sourcecode.swift; path = managerQuiz.swift; sourceTree = "<group>"; };
/* End PBXFileReference section */

/* Begin PBXFrameworksBuildPhase section */
		6F9C21F428F612860045937F /* Frameworks */ = {
			isa = PBXFrameworksBuildPhase;
			buildActionMask = 2147483647;
			files = (
			);
			runOnlyForDeploymentPostprocessing = 0;
		};
/* End PBXFrameworksBuildPhase section */

/* Begin PBXGroup section */
		6F9C21EE28F612860045937F = {
			isa = PBXGroup;
			children = (
				6F9C21F928F612860045937F /* quiz simples */,
				6F9C21F828F612860045937F /* Products */,
			);
			sourceTree = "<group>";
		};
		6F9C21F828F612860045937F /* Products */ = {
			isa = PBXGroup;
			children = (
				6F9C21F728F612860045937F /* quiz simples.app */,
			);
			name = Products;
			sourceTree = "<group>";
		};
		6F9C21F928F612860045937F /* quiz simples */ = {
			isa = PBXGroup;
			children = (
				6F9C221028F6166D0045937F /* Controller */,
				6F9C220F28F616660045937F /* View */,
				6F9C220E28F6165A0045937F /* Model */,
				6F9C21FA28F612860045937F /* AppDelegate.swift */,
				6F9C220328F612860045937F /* Assets.xcassets */,
				6F9C21FC28F612860045937F /* SceneDelegate.swift */,
				6F9C220828F612860045937F /* Info.plist */,
			);
			path = "quiz simples";
			sourceTree = "<group>";
		};
		6F9C220E28F6165A0045937F /* Model */ = {
			isa = PBXGroup;
			children = (
				6F9C221728F617DF0045937F /* modelQuiz.swift */,
				6F9C221928F617EB0045937F /* managerQuiz.swift */,
			);
			path = Model;
			sourceTree = "<group>";
		};
		6F9C220F28F616660045937F /* View */ = {
			isa = PBXGroup;
			children = (
				6F9C220028F612860045937F /* Main.storyboard */,
				6F9C220528F612860045937F /* LaunchScreen.storyboard */,
			);
			path = View;
			sourceTree = "<group>";
		};
		6F9C221028F6166D0045937F /* Controller */ = {
			isa = PBXGroup;
			children = (
				6F9C221128F617150045937F /* mainViewController.swift */,
				6F9C221328F617280045937F /* quizViewController.swift */,
				6F9C221528F617350045937F /* resultViewController.swift */,
			);
			path = Controller;
			sourceTree = "<group>";
		};
/* End PBXGroup section */

/* Begin PBXNativeTarget section */
		6F9C21F628F612860045937F /* quiz simples */ = {
			isa = PBXNativeTarget;
			buildConfigurationList = 6F9C220B28F612860045937F /* Build configuration list for PBXNativeTarget "quiz simples" */;
			buildPhases = (
				6F9C21F328F612860045937F /* Sources */,
				6F9C21F428F612860045937F /* Frameworks */,
				6F9C21F528F612860045937F /* Resources */,
			);
			buildRules = (
			);
			dependencies = (
			);
			name = "quiz simples";
			productName = "quiz simples";
			productReference = 6F9C21F728F612860045937F /* quiz simples.app */;
			productType = "com.apple.product-type.application";
		};
/* End PBXNativeTarget section */

/* Begin PBXProject section */
		6F9C21EF28F612860045937F /* Project object */ = {
			isa = PBXProject;
			attributes = {
				BuildIndependentTargetsInParallel = 1;
				LastSwiftUpdateCheck = 1340;
				LastUpgradeCheck = 1340;
				TargetAttributes = {
					6F9C21F628F612860045937F = {
						CreatedOnToolsVersion = 13.4.1;
					};
				};
			};
			buildConfigurationList = 6F9C21F228F612860045937F /* Build configuration list for PBXProject "quiz simples" */;
			compatibilityVersion = "Xcode 13.0";
			developmentRegion = en;
			hasScannedForEncodings = 0;
			knownRegions = (
				en,
				Base,
			);
			mainGroup = 6F9C21EE28F612860045937F;
			productRefGroup = 6F9C21F828F612860045937F /* Products */;
			projectDirPath = "";
			projectRoot = "";
			targets = (
				6F9C21F628F612860045937F /* quiz simples */,
			);
		};
/* End PBXProject section */

/* Begin PBXResourcesBuildPhase section */
		6F9C21F528F612860045937F /* Resources */ = {
			isa = PBXResourcesBuildPhase;
			buildActionMask = 2147483647;
			files = (
				6F9C220728F612860045937F /* LaunchScreen.storyboard in Resources */,
				6F9C220428F612860045937F /* Assets.xcassets in Resources */,
				6F9C220228F612860045937F /* Main.storyboard in Resources */,
			);
			runOnlyForDeploymentPostprocessing = 0;
		};
/* End PBXResourcesBuildPhase section */

/* Begin PBXSourcesBuildPhase section */
		6F9C21F328F612860045937F /* Sources */ = {
			isa = PBXSourcesBuildPhase;
			buildActionMask = 2147483647;
			files = (
				6F9C221628F617350045937F /* resultViewController.swift in Sources */,
				6F9C21FB28F612860045937F /* AppDelegate.swift in Sources */,
				6F9C221A28F617EB0045937F /* managerQuiz.swift in Sources */,
				6F9C21FD28F612860045937F /* SceneDelegate.swift in Sources */,
				6F9C221228F617150045937F /* mainViewController.swift in Sources */,
				6F9C221828F617DF0045937F /* modelQuiz.swift in Sources */,
				6F9C221428F617280045937F /* quizViewController.swift in Sources */,
			);
			runOnlyForDeploymentPostprocessing = 0;
		};
/* End PBXSourcesBuildPhase section */

/* Begin PBXVariantGroup section */
		6F9C220028F612860045937F /* Main.storyboard */ = {
			isa = PBXVariantGroup;
			children = (
				6F9C220128F612860045937F /* Base */,
			);
			name = Main.storyboard;
			sourceTree = "<group>";
		};
		6F9C220528F612860045937F /* LaunchScreen.storyboard */ = {
			isa = PBXVariantGroup;
			children = (
				6F9C220628F612860045937F /* Base */,
			);
			name = LaunchScreen.storyboard;
			sourceTree = "<group>";
		};
/* End PBXVariantGroup section */

/* Begin XCBuildConfiguration section */
		6F9C220928F612860045937F /* Debug */ = {
			isa = XCBuildConfiguration;
			buildSettings = {
				ALWAYS_SEARCH_USER_PATHS = NO;
				CLANG_ANALYZER_NONNULL = YES;
				CLANG_ANALYZER_NUMBER_OBJECT_CONVERSION = YES_AGGRESSIVE;
				CLANG_CXX_LANGUAGE_STANDARD = "gnu++17";
				CLANG_ENABLE_MODULES = YES;
				CLANG_ENABLE_OBJC_ARC = YES;
				CLANG_ENABLE_OBJC_WEAK = YES;
				CLANG_WARN_BLOCK_CAPTURE_AUTORELEASING = YES;
				CLANG_WARN_BOOL_CONVERSION = YES;
				CLANG_WARN_COMMA = YES;
				CLANG_WARN_CONSTANT_CONVERSION = YES;
				CLANG_WARN_DEPRECATED_OBJC_IMPLEMENTATIONS = YES;
				CLANG_WARN_DIRECT_OBJC_ISA_USAGE = YES_ERROR;
				CLANG_WARN_DOCUMENTATION_COMMENTS = YES;
				CLANG_WARN_EMPTY_BODY = YES;
				CLANG_WARN_ENUM_CONVERSION = YES;
				CLANG_WARN_INFINITE_RECURSION = YES;
				CLANG_WARN_INT_CONVERSION = YES;
				CLANG_WARN_NON_LITERAL_NULL_CONVERSION = YES;
				CLANG_WARN_OBJC_IMPLICIT_RETAIN_SELF = YES;
				CLANG_WARN_OBJC_LITERAL_CONVERSION = YES;
				CLANG_WARN_OBJC_ROOT_CLASS = YES_ERROR;
				CLANG_WARN_QUOTED_INCLUDE_IN_FRAMEWORK_HEADER = YES;
				CLANG_WARN_RANGE_LOOP_ANALYSIS = YES;
				CLANG_WARN_STRICT_PROTOTYPES = YES;
				CLANG_WARN_SUSPICIOUS_MOVE = YES;
				CLANG_WARN_UNGUARDED_AVAILABILITY = YES_AGGRESSIVE;
				CLANG_WARN_UNREACHABLE_CODE = YES;
				CLANG_WARN__DUPLICATE_METHOD_MATCH = YES;
				COPY_PHASE_STRIP = NO;
				DEBUG_INFORMATION_FORMAT = dwarf;
				ENABLE_STRICT_OBJC_MSGSEND = YES;
				ENABLE_TESTABILITY = YES;
				GCC_C_LANGUAGE_STANDARD = gnu11;
				GCC_DYNAMIC_NO_PIC = NO;
				GCC_NO_COMMON_BLOCKS = YES;
				GCC_OPTIMIZATION_LEVEL = 0;
				GCC_PREPROCESSOR_DEFINITIONS = (
					"DEBUG=1",
					"$(inherited)",
				);
				GCC_WARN_64_TO_32_BIT_CONVERSION = YES;
				GCC_WARN_ABOUT_RETURN_TYPE = YES_ERROR;
				GCC_WARN_UNDECLARED_SELECTOR = YES;
				GCC_WARN_UNINITIALIZED_AUTOS = YES_AGGRESSIVE;
				GCC_WARN_UNUSED_FUNCTION = YES;
				GCC_WARN_UNUSED_VARIABLE = YES;
				IPHONEOS_DEPLOYMENT_TARGET = 15.5;
				MTL_ENABLE_DEBUG_INFO = INCLUDE_SOURCE;
				MTL_FAST_MATH = YES;
				ONLY_ACTIVE_ARCH = YES;
				SDKROOT = iphoneos;
				SWIFT_ACTIVE_COMPILATION_CONDITIONS = DEBUG;
				SWIFT_OPTIMIZATION_LEVEL = "-Onone";
			};
			name = Debug;
		};
		6F9C220A28F612860045937F /* Release */ = {
			isa = XCBuildConfiguration;
			buildSettings = {
				ALWAYS_SEARCH_USER_PATHS = NO;
				CLANG_ANALYZER_NONNULL = YES;
				CLANG_ANALYZER_NUMBER_OBJECT_CONVERSION = YES_AGGRESSIVE;
				CLANG_CXX_LANGUAGE_STANDARD = "gnu++17";
				CLANG_ENABLE_MODULES = YES;
				CLANG_ENABLE_OBJC_ARC = YES;
				CLANG_ENABLE_OBJC_WEAK = YES;
				CLANG_WARN_BLOCK_CAPTURE_AUTORELEASING = YES;
				CLANG_WARN_BOOL_CONVERSION = YES;
				CLANG_WARN_COMMA = YES;
				CLANG_WARN_CONSTANT_CONVERSION = YES;
				CLANG_WARN_DEPRECATED_OBJC_IMPLEMENTATIONS = YES;
				CLANG_WARN_DIRECT_OBJC_ISA_USAGE = YES_ERROR;
				CLANG_WARN_DOCUMENTATION_COMMENTS = YES;
				CLANG_WARN_EMPTY_BODY = YES;
				CLANG_WARN_ENUM_CONVERSION = YES;
				CLANG_WARN_INFINITE_RECURSION = YES;
				CLANG_WARN_INT_CONVERSION = YES;
				CLANG_WARN_NON_LITERAL_NULL_CONVERSION = YES;
				CLANG_WARN_OBJC_IMPLICIT_RETAIN_SELF = YES;
				CLANG_WARN_OBJC_LITERAL_CONVERSION = YES;
				CLANG_WARN_OBJC_ROOT_CLASS = YES_ERROR;
				CLANG_WARN_QUOTED_INCLUDE_IN_FRAMEWORK_HEADER = YES;
				CLANG_WARN_RANGE_LOOP_ANALYSIS = YES;
				CLANG_WARN_STRICT_PROTOTYPES = YES;
				CLANG_WARN_SUSPICIOUS_MOVE = YES;
				CLANG_WARN_UNGUARDED_AVAILABILITY = YES_AGGRESSIVE;
				CLANG_WARN_UNREACHABLE_CODE = YES;
				CLANG_WARN__DUPLICATE_METHOD_MATCH = YES;
				COPY_PHASE_STRIP = NO;
				DEBUG_INFORMATION_FORMAT = "dwarf-with-dsym";
				ENABLE_NS_ASSERTIONS = NO;
				ENABLE_STRICT_OBJC_MSGSEND = YES;
				GCC_C_LANGUAGE_STANDARD = gnu11;
				GCC_NO_COMMON_BLOCKS = YES;
				GCC_WARN_64_TO_32_BIT_CONVERSION = YES;
				GCC_WARN_ABOUT_RETURN_TYPE = YES_ERROR;
				GCC_WARN_UNDECLARED_SELECTOR = YES;
				GCC_WARN_UNINITIALIZED_AUTOS = YES_AGGRESSIVE;
				GCC_WARN_UNUSED_FUNCTION = YES;
				GCC_WARN_UNUSED_VARIABLE = YES;
				IPHONEOS_DEPLOYMENT_TARGET = 15.5;
				MTL_ENABLE_DEBUG_INFO = NO;
				MTL_FAST_MATH = YES;
				SDKROOT = iphoneos;
				SWIFT_COMPILATION_MODE = wholemodule;
				SWIFT_OPTIMIZATION_LEVEL = "-O";
				VALIDATE_PRODUCT = YES;
			};
			name = Release;
		};
		6F9C220C28F612860045937F /* Debug */ = {
			isa = XCBuildConfiguration;
			buildSettings = {
				ASSETCATALOG_COMPILER_APPICON_NAME = AppIcon;
				ASSETCATALOG_COMPILER_GLOBAL_ACCENT_COLOR_NAME = AccentColor;
				CODE_SIGN_STYLE = Automatic;
				CURRENT_PROJECT_VERSION = 1;
				GENERATE_INFOPLIST_FILE = YES;
				INFOPLIST_FILE = "quiz simples/Info.plist";
				INFOPLIST_KEY_UIApplicationSupportsIndirectInputEvents = YES;
				INFOPLIST_KEY_UILaunchStoryboardName = LaunchScreen;
				INFOPLIST_KEY_UIMainStoryboardFile = Main;
				INFOPLIST_KEY_UISupportedInterfaceOrientations = UIInterfaceOrientationPortrait;
				INFOPLIST_KEY_UISupportedInterfaceOrientations_iPad = "UIInterfaceOrientationPortrait UIInterfaceOrientationPortraitUpsideDown UIInterfaceOrientationLandscapeLeft UIInterfaceOrientationLandscapeRight";
				INFOPLIST_KEY_UISupportedInterfaceOrientations_iPhone = "UIInterfaceOrientationPortrait UIInterfaceOrientationLandscapeLeft UIInterfaceOrientationLandscapeRight";
				LD_RUNPATH_SEARCH_PATHS = (
					"$(inherited)",
					"@executable_path/Frameworks",
				);
				MARKETING_VERSION = 1.0;
				PRODUCT_BUNDLE_IDENTIFIER = "com.Antonio.Antony.quiz-simples";
				PRODUCT_NAME = "$(TARGET_NAME)";
				SWIFT_EMIT_LOC_STRINGS = YES;
				SWIFT_VERSION = 5.0;
				TARGETED_DEVICE_FAMILY = "1,2";
			};
			name = Debug;
		};
		6F9C220D28F612860045937F /* Release */ = {
			isa = XCBuildConfiguration;
			buildSettings = {
				ASSETCATALOG_COMPILER_APPICON_NAME = AppIcon;
				ASSETCATALOG_COMPILER_GLOBAL_ACCENT_COLOR_NAME = AccentColor;
				CODE_SIGN_STYLE = Automatic;
				CURRENT_PROJECT_VERSION = 1;
				GENERATE_INFOPLIST_FILE = YES;
				INFOPLIST_FILE = "quiz simples/Info.plist";
				INFOPLIST_KEY_UIApplicationSupportsIndirectInputEvents = YES;
				INFOPLIST_KEY_UILaunchStoryboardName = LaunchScreen;
				INFOPLIST_KEY_UIMainStoryboardFile = Main;
				INFOPLIST_KEY_UISupportedInterfaceOrientations = UIInterfaceOrientationPortrait;
				INFOPLIST_KEY_UISupportedInterfaceOrientations_iPad = "UIInterfaceOrientationPortrait UIInterfaceOrientationPortraitUpsideDown UIInterfaceOrientationLandscapeLeft UIInterfaceOrientationLandscapeRight";
				INFOPLIST_KEY_UISupportedInterfaceOrientations_iPhone = "UIInterfaceOrientationPortrait UIInterfaceOrientationLandscapeLeft UIInterfaceOrientationLandscapeRight";
				LD_RUNPATH_SEARCH_PATHS = (
					"$(inherited)",
					"@executable_path/Frameworks",
				);
				MARKETING_VERSION = 1.0;
				PRODUCT_BUNDLE_IDENTIFIER = "com.Antonio.Antony.quiz-simples";
				PRODUCT_NAME = "$(TARGET_NAME)";
				SWIFT_EMIT_LOC_STRINGS = YES;
				SWIFT_VERSION = 5.0;
				TARGETED_DEVICE_FAMILY = "1,2";
			};
			name = Release;
		};
/* End XCBuildConfiguration section */

/* Begin XCConfigurationList section */
		6F9C21F228F612860045937F /* Build configuration list for PBXProject "quiz simples" */ = {
			isa = XCConfigurationList;
			buildConfigurations = (
				6F9C220928F612860045937F /* Debug */,
				6F9C220A28F612860045937F /* Release */,
			);
			defaultConfigurationIsVisible = 0;
			defaultConfigurationName = Release;
		};
		6F9C220B28F612860045937F /* Build configuration list for PBXNativeTarget "quiz simples" */ = {
			isa = XCConfigurationList;
			buildConfigurations = (
				6F9C220C28F612860045937F /* Debug */,
				6F9C220D28F612860045937F /* Release */,
			);
			defaultConfigurationIsVisible = 0;
			defaultConfigurationName = Release;
		};
/* End XCConfigurationList section */
	};
	rootObject = 6F9C21EF28F612860045937F /* Project object */;
}
